
Microsoft Visual Studio Solution File, Format Version 12.00
# Visual Studio Version 17
VisualStudioVersion = 17.10.35027.167
MinimumVisualStudioVersion = 10.0.40219.1
Project("{FAE04EC0-301F-11D3-BF4B-00C04F79EFBC}") = "PublisherDirect", "PublisherDirect\PublisherDirect.csproj", "{B6A81CD0-4314-4FE8-9B84-BE641B0315C8}"
EndProject
Project("{FAE04EC0-301F-11D3-BF4B-00C04F79EFBC}") = "ConsumerRabbitMQTest", "ConsumerRabbitMQTest\ConsumerRabbitMQTest.csproj", "{D058746D-15D2-402E-B956-A19F9342EB64}"
EndProject
Global
	GlobalSection(SolutionConfigurationPlatforms) = preSolution
		Debug|Any CPU = Debug|Any CPU
		Release|Any CPU = Release|Any CPU
	EndGlobalSection
	GlobalSection(ProjectConfigurationPlatforms) = postSolution
		{B6A81CD0-4314-4FE8-9B84-BE641B0315C8}.Debug|Any CPU.ActiveCfg = Debug|Any CPU
		{B6A81CD0-4314-4FE8-9B84-BE641B0315C8}.Debug|Any CPU.Build.0 = Debug|Any CPU
		{B6A81CD0-4314-4FE8-9B84-BE641B0315C8}.Release|Any CPU.ActiveCfg = Release|Any CPU
		{B6A81CD0-4314-4FE8-9B84-BE641B0315C8}.Release|Any CPU.Build.0 = Release|Any CPU
		{D058746D-15D2-402E-B956-A19F9342EB64}.Debug|Any CPU.ActiveCfg = Debug|Any CPU
		{D058746D-15D2-402E-B956-A19F9342EB64}.Debug|Any CPU.Build.0 = Debug|Any CPU
		{D058746D-15D2-402E-B956-A19F9342EB64}.Release|Any CPU.ActiveCfg = Release|Any CPU
		{D058746D-15D2-402E-B956-A19F9342EB64}.Release|Any CPU.Build.0 = Release|Any CPU
	EndGlobalSection
	GlobalSection(SolutionProperties) = preSolution
		HideSolutionNode = FALSE
	EndGlobalSection
	GlobalSection(ExtensibilityGlobals) = postSolution
		SolutionGuid = {A20EBDA0-6029-4BAA-86EF-426654E331E9}
	EndGlobalSection
EndGlobal
